{
  "name": "ajs-nodejs",
  "version": "1.0.0",
  "lockfileVersion": 1,
  "requires": true,
  "dependencies": {
    "@lioness1741/ajs-homeworks-platforms1": {
      "version": "1.0.0",
      "resolved": "https://npm.pkg.github.com/download/@lioness1741/ajs-homeworks-platforms1/1.0.0/c959d911e88e969d7888d93e2f745592ff78b04a",
      "integrity": "sha512-MSGsCVcnkdX8mdzb5LiE7Y2QEO3KKKUo6qa8UvCg5DLDN39PDO63ve9BHDdY8YxDbzIM3eZiyapll6XUz0vSGQ=="
    }
  }
}
